
Microsoft Visual Studio Solution File, Format Version 12.00
# Visual Studio Version 17
VisualStudioVersion = 17.11.35303.130
MinimumVisualStudioVersion = 10.0.40219.1
Project("{9A19103F-16F7-4668-BE54-9A1E7A4F7556}") = "Halbaddierer_4_BitAddierer", "Halbaddierer_4_BitAddierer\Halbaddierer_4_BitAddierer.csproj", "{87FEB26F-13EF-4EAE-A4CD-4C7B6C4EF4D6}"
EndProject
Project("{FAE04EC0-301F-11D3-BF4B-00C04F79EFBC}") = "Halbaddierer", "Halbaddierer\Halbaddierer.csproj", "{416F295C-A179-44DC-AE3A-D953CAC12724}"
EndProject
Global
	GlobalSection(SolutionConfigurationPlatforms) = preSolution
		Debug|Any CPU = Debug|Any CPU
		Release|Any CPU = Release|Any CPU
	EndGlobalSection
	GlobalSection(ProjectConfigurationPlatforms) = postSolution
		{87FEB26F-13EF-4EAE-A4CD-4C7B6C4EF4D6}.Debug|Any CPU.ActiveCfg = Debug|Any CPU
		{87FEB26F-13EF-4EAE-A4CD-4C7B6C4EF4D6}.Debug|Any CPU.Build.0 = Debug|Any CPU
		{87FEB26F-13EF-4EAE-A4CD-4C7B6C4EF4D6}.Release|Any CPU.ActiveCfg = Release|Any CPU
		{87FEB26F-13EF-4EAE-A4CD-4C7B6C4EF4D6}.Release|Any CPU.Build.0 = Release|Any CPU
		{416F295C-A179-44DC-AE3A-D953CAC12724}.Debug|Any CPU.ActiveCfg = Debug|Any CPU
		{416F295C-A179-44DC-AE3A-D953CAC12724}.Debug|Any CPU.Build.0 = Debug|Any CPU
		{416F295C-A179-44DC-AE3A-D953CAC12724}.Release|Any CPU.ActiveCfg = Release|Any CPU
		{416F295C-A179-44DC-AE3A-D953CAC12724}.Release|Any CPU.Build.0 = Release|Any CPU
	EndGlobalSection
	GlobalSection(SolutionProperties) = preSolution
		HideSolutionNode = FALSE
	EndGlobalSection
	GlobalSection(ExtensibilityGlobals) = postSolution
		SolutionGuid = {1D67B312-9FD0-417E-B3DB-30128CBDF813}
	EndGlobalSection
EndGlobal
